// !$*UTF8*$!
{
	archiveVersion = 1;
	classes = {
	};
	objectVersion = 52;
	objects = {

/* Begin PBXBuildFile section */
		660916512577A10100F42AD4 /* AppDelegate.swift in Sources */ = {isa = PBXBuildFile; fileRef = 660916502577A10100F42AD4 /* AppDelegate.swift */; };
		660916532577A10100F42AD4 /* SceneDelegate.swift in Sources */ = {isa = PBXBuildFile; fileRef = 660916522577A10100F42AD4 /* SceneDelegate.swift */; };
		660916552577A10100F42AD4 /* ViewController.swift in Sources */ = {isa = PBXBuildFile; fileRef = 660916542577A10100F42AD4 /* ViewController.swift */; };
		6609165A2577A10300F42AD4 /* Assets.xcassets in Resources */ = {isa = PBXBuildFile; fileRef = 660916592577A10300F42AD4 /* Assets.xcassets */; };
		6609165D2577A10300F42AD4 /* LaunchScreen.storyboard in Resources */ = {isa = PBXBuildFile; fileRef = 6609165B2577A10300F42AD4 /* LaunchScreen.storyboard */; };
		6609166C2577AE9200F42AD4 /* Then in Frameworks */ = {isa = PBXBuildFile; productRef = 6609166B2577AE9200F42AD4 /* Then */; };
		660916752577B8AC00F42AD4 /* UserNotifications.framework in Frameworks */ = {isa = PBXBuildFile; fileRef = 660916742577B8AC00F42AD4 /* UserNotifications.framework */; };
		660916772577B8AC00F42AD4 /* UserNotificationsUI.framework in Frameworks */ = {isa = PBXBuildFile; fileRef = 660916762577B8AC00F42AD4 /* UserNotificationsUI.framework */; };
		6609167A2577B8AC00F42AD4 /* NotificationViewController.swift in Sources */ = {isa = PBXBuildFile; fileRef = 660916792577B8AC00F42AD4 /* NotificationViewController.swift */; };
		6609167D2577B8AC00F42AD4 /* MainInterface.storyboard in Resources */ = {isa = PBXBuildFile; fileRef = 6609167B2577B8AC00F42AD4 /* MainInterface.storyboard */; };
		660916812577B8AC00F42AD4 /* NotificationTestContent.appex in Embed App Extensions */ = {isa = PBXBuildFile; fileRef = 660916722577B8AC00F42AD4 /* NotificationTestContent.appex */; settings = {ATTRIBUTES = (RemoveHeadersOnCopy, ); }; };
		6609168F2577B8D500F42AD4 /* NotificationService.swift in Sources */ = {isa = PBXBuildFile; fileRef = 6609168E2577B8D500F42AD4 /* NotificationService.swift */; };
		660916932577B8D500F42AD4 /* NotificationTestService.appex in Embed App Extensions */ = {isa = PBXBuildFile; fileRef = 6609168C2577B8D500F42AD4 /* NotificationTestService.appex */; settings = {ATTRIBUTES = (RemoveHeadersOnCopy, ); }; };
		6609169B2577B90F00F42AD4 /* HomeViewController.swift in Sources */ = {isa = PBXBuildFile; fileRef = 6609169A2577B90F00F42AD4 /* HomeViewController.swift */; };
		6633A3E0257816FF00187EC5 /* RxSwift in Frameworks */ = {isa = PBXBuildFile; productRef = 6633A3DF257816FF00187EC5 /* RxSwift */; };
		6633A3E2257816FF00187EC5 /* RxRelay in Frameworks */ = {isa = PBXBuildFile; productRef = 6633A3E1257816FF00187EC5 /* RxRelay */; };
		6633A3E4257816FF00187EC5 /* RxCocoa in Frameworks */ = {isa = PBXBuildFile; productRef = 6633A3E3257816FF00187EC5 /* RxCocoa */; };
		6633A3E6257816FF00187EC5 /* RxBlocking in Frameworks */ = {isa = PBXBuildFile; productRef = 6633A3E5257816FF00187EC5 /* RxBlocking */; };
		6633A3EC2578175D00187EC5 /* NSObject-Rx in Frameworks */ = {isa = PBXBuildFile; productRef = 6633A3EB2578175D00187EC5 /* NSObject-Rx */; };
		66383F2A2577E4C300EE4040 /* SnapKit in Frameworks */ = {isa = PBXBuildFile; productRef = 66383F292577E4C300EE4040 /* SnapKit */; };
/* End PBXBuildFile section */

/* Begin PBXContainerItemProxy section */
		6609167F2577B8AC00F42AD4 /* PBXContainerItemProxy */ = {
			isa = PBXContainerItemProxy;
			containerPortal = 660916452577A10100F42AD4 /* Project object */;
			proxyType = 1;
			remoteGlobalIDString = 660916712577B8AC00F42AD4;
			remoteInfo = NotificationTestContent;
		};
		660916912577B8D500F42AD4 /* PBXContainerItemProxy */ = {
			isa = PBXContainerItemProxy;
			containerPortal = 660916452577A10100F42AD4 /* Project object */;
			proxyType = 1;
			remoteGlobalIDString = 6609168B2577B8D500F42AD4;
			remoteInfo = NotificationTestService;
		};
/* End PBXContainerItemProxy section */

/* Begin PBXCopyFilesBuildPhase section */
		660916852577B8AD00F42AD4 /* Embed App Extensions */ = {
			isa = PBXCopyFilesBuildPhase;
			buildActionMask = 2147483647;
			dstPath = "";
			dstSubfolderSpec = 13;
			files = (
				660916812577B8AC00F42AD4 /* NotificationTestContent.appex in Embed App Extensions */,
				660916932577B8D500F42AD4 /* NotificationTestService.appex in Embed App Extensions */,
			);
			name = "Embed App Extensions";
			runOnlyForDeploymentPostprocessing = 0;
		};
/* End PBXCopyFilesBuildPhase section */

/* Begin PBXFileReference section */
		6609164D2577A10100F42AD4 /* NotificationTest.app */ = {isa = PBXFileReference; explicitFileType = wrapper.application; includeInIndex = 0; path = NotificationTest.app; sourceTree = BUILT_PRODUCTS_DIR; };
		660916502577A10100F42AD4 /* AppDelegate.swift */ = {isa = PBXFileReference; lastKnownFileType = sourcecode.swift; path = AppDelegate.swift; sourceTree = "<group>"; };
		660916522577A10100F42AD4 /* SceneDelegate.swift */ = {isa = PBXFileReference; lastKnownFileType = sourcecode.swift; path = SceneDelegate.swift; sourceTree = "<group>"; };
		660916542577A10100F42AD4 /* ViewController.swift */ = {isa = PBXFileReference; lastKnownFileType = sourcecode.swift; path = ViewController.swift; sourceTree = "<group>"; };
		660916592577A10300F42AD4 /* Assets.xcassets */ = {isa = PBXFileReference; lastKnownFileType = folder.assetcatalog; path = Assets.xcassets; sourceTree = "<group>"; };
		6609165C2577A10300F42AD4 /* Base */ = {isa = PBXFileReference; lastKnownFileType = file.storyboard; name = Base; path = Base.lproj/LaunchScreen.storyboard; sourceTree = "<group>"; };
		6609165E2577A10300F42AD4 /* Info.plist */ = {isa = PBXFileReference; lastKnownFileType = text.plist.xml; path = Info.plist; sourceTree = "<group>"; };
		660916722577B8AC00F42AD4 /* NotificationTestContent.appex */ = {isa = PBXFileReference; explicitFileType = "wrapper.app-extension"; includeInIndex = 0; path = NotificationTestContent.appex; sourceTree = BUILT_PRODUCTS_DIR; };
		660916742577B8AC00F42AD4 /* UserNotifications.framework */ = {isa = PBXFileReference; lastKnownFileType = wrapper.framework; name = UserNotifications.framework; path = System/Library/Frameworks/UserNotifications.framework; sourceTree = SDKROOT; };
		660916762577B8AC00F42AD4 /* UserNotificationsUI.framework */ = {isa = PBXFileReference; lastKnownFileType = wrapper.framework; name = UserNotificationsUI.framework; path = System/Library/Frameworks/UserNotificationsUI.framework; sourceTree = SDKROOT; };
		660916792577B8AC00F42AD4 /* NotificationViewController.swift */ = {isa = PBXFileReference; lastKnownFileType = sourcecode.swift; path = NotificationViewController.swift; sourceTree = "<group>"; };
		6609167C2577B8AC00F42AD4 /* Base */ = {isa = PBXFileReference; lastKnownFileType = file.storyboard; name = Base; path = Base.lproj/MainInterface.storyboard; sourceTree = "<group>"; };
		6609167E2577B8AC00F42AD4 /* Info.plist */ = {isa = PBXFileReference; lastKnownFileType = text.plist.xml; path = Info.plist; sourceTree = "<group>"; };
		6609168C2577B8D500F42AD4 /* NotificationTestService.appex */ = {isa = PBXFileReference; explicitFileType = "wrapper.app-extension"; includeInIndex = 0; path = NotificationTestService.appex; sourceTree = BUILT_PRODUCTS_DIR; };
		6609168E2577B8D500F42AD4 /* NotificationService.swift */ = {isa = PBXFileReference; lastKnownFileType = sourcecode.swift; path = NotificationService.swift; sourceTree = "<group>"; };
		660916902577B8D500F42AD4 /* Info.plist */ = {isa = PBXFileReference; lastKnownFileType = text.plist.xml; path = Info.plist; sourceTree = "<group>"; };
		6609169A2577B90F00F42AD4 /* HomeViewController.swift */ = {isa = PBXFileReference; lastKnownFileType = sourcecode.swift; path = HomeViewController.swift; sourceTree = "<group>"; };
/* End PBXFileReference section */

/* Begin PBXFrameworksBuildPhase section */
		6609164A2577A10100F42AD4 /* Frameworks */ = {
			isa = PBXFrameworksBuildPhase;
			buildActionMask = 2147483647;
			files = (
				6633A3E0257816FF00187EC5 /* RxSwift in Frameworks */,
				6633A3E6257816FF00187EC5 /* RxBlocking in Frameworks */,
				6609166C2577AE9200F42AD4 /* Then in Frameworks */,
				6633A3E4257816FF00187EC5 /* RxCocoa in Frameworks */,
				6633A3E2257816FF00187EC5 /* RxRelay in Frameworks */,
				6633A3EC2578175D00187EC5 /* NSObject-Rx in Frameworks */,
				66383F2A2577E4C300EE4040 /* SnapKit in Frameworks */,
			);
			runOnlyForDeploymentPostprocessing = 0;
		};
		6609166F2577B8AC00F42AD4 /* Frameworks */ = {
			isa = PBXFrameworksBuildPhase;
			buildActionMask = 2147483647;
			files = (
				660916772577B8AC00F42AD4 /* UserNotificationsUI.framework in Frameworks */,
				660916752577B8AC00F42AD4 /* UserNotifications.framework in Frameworks */,
			);
			runOnlyForDeploymentPostprocessing = 0;
		};
		660916892577B8D500F42AD4 /* Frameworks */ = {
			isa = PBXFrameworksBuildPhase;
			buildActionMask = 2147483647;
			files = (
			);
			runOnlyForDeploymentPostprocessing = 0;
		};
/* End PBXFrameworksBuildPhase section */

/* Begin PBXGroup section */
		660916442577A10100F42AD4 = {
			isa = PBXGroup;
			children = (
				6609164F2577A10100F42AD4 /* NotificationTest */,
				660916782577B8AC00F42AD4 /* NotificationTestContent */,
				6609168D2577B8D500F42AD4 /* NotificationTestService */,
				660916732577B8AC00F42AD4 /* Frameworks */,
				6609164E2577A10100F42AD4 /* Products */,
			);
			sourceTree = "<group>";
		};
		6609164E2577A10100F42AD4 /* Products */ = {
			isa = PBXGroup;
			children = (
				6609164D2577A10100F42AD4 /* NotificationTest.app */,
				660916722577B8AC00F42AD4 /* NotificationTestContent.appex */,
				6609168C2577B8D500F42AD4 /* NotificationTestService.appex */,
			);
			name = Products;
			sourceTree = "<group>";
		};
		6609164F2577A10100F42AD4 /* NotificationTest */ = {
			isa = PBXGroup;
			children = (
				660916502577A10100F42AD4 /* AppDelegate.swift */,
				660916522577A10100F42AD4 /* SceneDelegate.swift */,
				6609169A2577B90F00F42AD4 /* HomeViewController.swift */,
				660916542577A10100F42AD4 /* ViewController.swift */,
				660916592577A10300F42AD4 /* Assets.xcassets */,
				6609165B2577A10300F42AD4 /* LaunchScreen.storyboard */,
				6609165E2577A10300F42AD4 /* Info.plist */,
			);
			path = NotificationTest;
			sourceTree = "<group>";
		};
		660916732577B8AC00F42AD4 /* Frameworks */ = {
			isa = PBXGroup;
			children = (
				660916742577B8AC00F42AD4 /* UserNotifications.framework */,
				660916762577B8AC00F42AD4 /* UserNotificationsUI.framework */,
			);
			name = Frameworks;
			sourceTree = "<group>";
		};
		660916782577B8AC00F42AD4 /* NotificationTestContent */ = {
			isa = PBXGroup;
			children = (
				660916792577B8AC00F42AD4 /* NotificationViewController.swift */,
				6609167B2577B8AC00F42AD4 /* MainInterface.storyboard */,
				6609167E2577B8AC00F42AD4 /* Info.plist */,
			);
			path = NotificationTestContent;
			sourceTree = "<group>";
		};
		6609168D2577B8D500F42AD4 /* NotificationTestService */ = {
			isa = PBXGroup;
			children = (
				6609168E2577B8D500F42AD4 /* NotificationService.swift */,
				660916902577B8D500F42AD4 /* Info.plist */,
			);
			path = NotificationTestService;
			sourceTree = "<group>";
		};
/* End PBXGroup section */

/* Begin PBXNativeTarget section */
		6609164C2577A10100F42AD4 /* NotificationTest */ = {
			isa = PBXNativeTarget;
			buildConfigurationList = 660916612577A10300F42AD4 /* Build configuration list for PBXNativeTarget "NotificationTest" */;
			buildPhases = (
				660916492577A10100F42AD4 /* Sources */,
				6609164A2577A10100F42AD4 /* Frameworks */,
				6609164B2577A10100F42AD4 /* Resources */,
				660916852577B8AD00F42AD4 /* Embed App Extensions */,
			);
			buildRules = (
			);
			dependencies = (
				660916802577B8AC00F42AD4 /* PBXTargetDependency */,
				660916922577B8D500F42AD4 /* PBXTargetDependency */,
			);
			name = NotificationTest;
			packageProductDependencies = (
				6609166B2577AE9200F42AD4 /* Then */,
				66383F292577E4C300EE4040 /* SnapKit */,
				6633A3DF257816FF00187EC5 /* RxSwift */,
				6633A3E1257816FF00187EC5 /* RxRelay */,
				6633A3E3257816FF00187EC5 /* RxCocoa */,
				6633A3E5257816FF00187EC5 /* RxBlocking */,
				6633A3EB2578175D00187EC5 /* NSObject-Rx */,
			);
			productName = NotificationTest;
			productReference = 6609164D2577A10100F42AD4 /* NotificationTest.app */;
			productType = "com.apple.product-type.application";
		};
		660916712577B8AC00F42AD4 /* NotificationTestContent */ = {
			isa = PBXNativeTarget;
			buildConfigurationList = 660916822577B8AD00F42AD4 /* Build configuration list for PBXNativeTarget "NotificationTestContent" */;
			buildPhases = (
				6609166E2577B8AC00F42AD4 /* Sources */,
				6609166F2577B8AC00F42AD4 /* Frameworks */,
				660916702577B8AC00F42AD4 /* Resources */,
			);
			buildRules = (
			);
			dependencies = (
			);
			name = NotificationTestContent;
			productName = NotificationTestContent;
			productReference = 660916722577B8AC00F42AD4 /* NotificationTestContent.appex */;
			productType = "com.apple.product-type.app-extension";
		};
		6609168B2577B8D500F42AD4 /* NotificationTestService */ = {
			isa = PBXNativeTarget;
			buildConfigurationList = 660916942577B8D500F42AD4 /* Build configuration list for PBXNativeTarget "NotificationTestService" */;
			buildPhases = (
				660916882577B8D500F42AD4 /* Sources */,
				660916892577B8D500F42AD4 /* Frameworks */,
				6609168A2577B8D500F42AD4 /* Resources */,
			);
			buildRules = (
			);
			dependencies = (
			);
			name = NotificationTestService;
			productName = NotificationTestService;
			productReference = 6609168C2577B8D500F42AD4 /* NotificationTestService.appex */;
			productType = "com.apple.product-type.app-extension";
		};
/* End PBXNativeTarget section */

/* Begin PBXProject section */
		660916452577A10100F42AD4 /* Project object */ = {
			isa = PBXProject;
			attributes = {
				LastSwiftUpdateCheck = 1220;
				LastUpgradeCheck = 1220;
				TargetAttributes = {
					6609164C2577A10100F42AD4 = {
						CreatedOnToolsVersion = 12.2;
					};
					660916712577B8AC00F42AD4 = {
						CreatedOnToolsVersion = 12.2;
					};
					6609168B2577B8D500F42AD4 = {
						CreatedOnToolsVersion = 12.2;
					};
				};
			};
			buildConfigurationList = 660916482577A10100F42AD4 /* Build configuration list for PBXProject "NotificationTest" */;
			compatibilityVersion = "Xcode 9.3";
			developmentRegion = en;
			hasScannedForEncodings = 0;
			knownRegions = (
				en,
				Base,
			);
			mainGroup = 660916442577A10100F42AD4;
			packageReferences = (
				6609166A2577AE9200F42AD4 /* XCRemoteSwiftPackageReference "Then" */,
				66383F282577E4C300EE4040 /* XCRemoteSwiftPackageReference "SnapKit" */,
				6633A3DE257816FF00187EC5 /* XCRemoteSwiftPackageReference "RxSwift" */,
				6633A3EA2578175D00187EC5 /* XCRemoteSwiftPackageReference "NSObject-Rx" */,
			);
			productRefGroup = 6609164E2577A10100F42AD4 /* Products */;
			projectDirPath = "";
			projectRoot = "";
			targets = (
				6609164C2577A10100F42AD4 /* NotificationTest */,
				660916712577B8AC00F42AD4 /* NotificationTestContent */,
				6609168B2577B8D500F42AD4 /* NotificationTestService */,
			);
		};
/* End PBXProject section */

/* Begin PBXResourcesBuildPhase section */
		6609164B2577A10100F42AD4 /* Resources */ = {
			isa = PBXResourcesBuildPhase;
			buildActionMask = 2147483647;
			files = (
				6609165D2577A10300F42AD4 /* LaunchScreen.storyboard in Resources */,
				6609165A2577A10300F42AD4 /* Assets.xcassets in Resources */,
			);
			runOnlyForDeploymentPostprocessing = 0;
		};
		660916702577B8AC00F42AD4 /* Resources */ = {
			isa = PBXResourcesBuildPhase;
			buildActionMask = 2147483647;
			files = (
				6609167D2577B8AC00F42AD4 /* MainInterface.storyboard in Resources */,
			);
			runOnlyForDeploymentPostprocessing = 0;
		};
		6609168A2577B8D500F42AD4 /* Resources */ = {
			isa = PBXResourcesBuildPhase;
			buildActionMask = 2147483647;
			files = (
			);
			runOnlyForDeploymentPostprocessing = 0;
		};
/* End PBXResourcesBuildPhase section */

/* Begin PBXSourcesBuildPhase section */
		660916492577A10100F42AD4 /* Sources */ = {
			isa = PBXSourcesBuildPhase;
			buildActionMask = 2147483647;
			files = (
				660916552577A10100F42AD4 /* ViewController.swift in Sources */,
				660916512577A10100F42AD4 /* AppDelegate.swift in Sources */,
				660916532577A10100F42AD4 /* SceneDelegate.swift in Sources */,
				6609169B2577B90F00F42AD4 /* HomeViewController.swift in Sources */,
			);
			runOnlyForDeploymentPostprocessing = 0;
		};
		6609166E2577B8AC00F42AD4 /* Sources */ = {
			isa = PBXSourcesBuildPhase;
			buildActionMask = 2147483647;
			files = (
				6609167A2577B8AC00F42AD4 /* NotificationViewController.swift in Sources */,
			);
			runOnlyForDeploymentPostprocessing = 0;
		};
		660916882577B8D500F42AD4 /* Sources */ = {
			isa = PBXSourcesBuildPhase;
			buildActionMask = 2147483647;
			files = (
				6609168F2577B8D500F42AD4 /* NotificationService.swift in Sources */,
			);
			runOnlyForDeploymentPostprocessing = 0;
		};
/* End PBXSourcesBuildPhase section */

/* Begin PBXTargetDependency section */
		660916802577B8AC00F42AD4 /* PBXTargetDependency */ = {
			isa = PBXTargetDependency;
			target = 660916712577B8AC00F42AD4 /* NotificationTestContent */;
			targetProxy = 6609167F2577B8AC00F42AD4 /* PBXContainerItemProxy */;
		};
		660916922577B8D500F42AD4 /* PBXTargetDependency */ = {
			isa = PBXTargetDependency;
			target = 6609168B2577B8D500F42AD4 /* NotificationTestService */;
			targetProxy = 660916912577B8D500F42AD4 /* PBXContainerItemProxy */;
		};
/* End PBXTargetDependency section */

/* Begin PBXVariantGroup section */
		6609165B2577A10300F42AD4 /* LaunchScreen.storyboard */ = {
			isa = PBXVariantGroup;
			children = (
				6609165C2577A10300F42AD4 /* Base */,
			);
			name = LaunchScreen.storyboard;
			sourceTree = "<group>";
		};
		6609167B2577B8AC00F42AD4 /* MainInterface.storyboard */ = {
			isa = PBXVariantGroup;
			children = (
				6609167C2577B8AC00F42AD4 /* Base */,
			);
			name = MainInterface.storyboard;
			sourceTree = "<group>";
		};
/* End PBXVariantGroup section */

/* Begin XCBuildConfiguration section */
		6609165F2577A10300F42AD4 /* Debug */ = {
			isa = XCBuildConfiguration;
			buildSettings = {
				ALWAYS_SEARCH_USER_PATHS = NO;
				CLANG_ANALYZER_NONNULL = YES;
				CLANG_ANALYZER_NUMBER_OBJECT_CONVERSION = YES_AGGRESSIVE;
				CLANG_CXX_LANGUAGE_STANDARD = "gnu++14";
				CLANG_CXX_LIBRARY = "libc++";
				CLANG_ENABLE_MODULES = YES;
				CLANG_ENABLE_OBJC_ARC = YES;
				CLANG_ENABLE_OBJC_WEAK = YES;
				CLANG_WARN_BLOCK_CAPTURE_AUTORELEASING = YES;
				CLANG_WARN_BOOL_CONVERSION = YES;
				CLANG_WARN_COMMA = YES;
				CLANG_WARN_CONSTANT_CONVERSION = YES;
				CLANG_WARN_DEPRECATED_OBJC_IMPLEMENTATIONS = YES;
				CLANG_WARN_DIRECT_OBJC_ISA_USAGE = YES_ERROR;
				CLANG_WARN_DOCUMENTATION_COMMENTS = YES;
				CLANG_WARN_EMPTY_BODY = YES;
				CLANG_WARN_ENUM_CONVERSION = YES;
				CLANG_WARN_INFINITE_RECURSION = YES;
				CLANG_WARN_INT_CONVERSION = YES;
				CLANG_WARN_NON_LITERAL_NULL_CONVERSION = YES;
				CLANG_WARN_OBJC_IMPLICIT_RETAIN_SELF = YES;
				CLANG_WARN_OBJC_LITERAL_CONVERSION = YES;
				CLANG_WARN_OBJC_ROOT_CLASS = YES_ERROR;
				CLANG_WARN_QUOTED_INCLUDE_IN_FRAMEWORK_HEADER = YES;
				CLANG_WARN_RANGE_LOOP_ANALYSIS = YES;
				CLANG_WARN_STRICT_PROTOTYPES = YES;
				CLANG_WARN_SUSPICIOUS_MOVE = YES;
				CLANG_WARN_UNGUARDED_AVAILABILITY = YES_AGGRESSIVE;
				CLANG_WARN_UNREACHABLE_CODE = YES;
				CLANG_WARN__DUPLICATE_METHOD_MATCH = YES;
				COPY_PHASE_STRIP = NO;
				DEBUG_INFORMATION_FORMAT = dwarf;
				ENABLE_STRICT_OBJC_MSGSEND = YES;
				ENABLE_TESTABILITY = YES;
				GCC_C_LANGUAGE_STANDARD = gnu11;
				GCC_DYNAMIC_NO_PIC = NO;
				GCC_NO_COMMON_BLOCKS = YES;
				GCC_OPTIMIZATION_LEVEL = 0;
				GCC_PREPROCESSOR_DEFINITIONS = (
					"DEBUG=1",
					"$(inherited)",
				);
				GCC_WARN_64_TO_32_BIT_CONVERSION = YES;
				GCC_WARN_ABOUT_RETURN_TYPE = YES_ERROR;
				GCC_WARN_UNDECLARED_SELECTOR = YES;
				GCC_WARN_UNINITIALIZED_AUTOS = YES_AGGRESSIVE;
				GCC_WARN_UNUSED_FUNCTION = YES;
				GCC_WARN_UNUSED_VARIABLE = YES;
				IPHONEOS_DEPLOYMENT_TARGET = 14.2;
				MTL_ENABLE_DEBUG_INFO = INCLUDE_SOURCE;
				MTL_FAST_MATH = YES;
				ONLY_ACTIVE_ARCH = YES;
				SDKROOT = iphoneos;
				SWIFT_ACTIVE_COMPILATION_CONDITIONS = DEBUG;
				SWIFT_OPTIMIZATION_LEVEL = "-Onone";
			};
			name = Debug;
		};
		660916602577A10300F42AD4 /* Release */ = {
			isa = XCBuildConfiguration;
			buildSettings = {
				ALWAYS_SEARCH_USER_PATHS = NO;
				CLANG_ANALYZER_NONNULL = YES;
				CLANG_ANALYZER_NUMBER_OBJECT_CONVERSION = YES_AGGRESSIVE;
				CLANG_CXX_LANGUAGE_STANDARD = "gnu++14";
				CLANG_CXX_LIBRARY = "libc++";
				CLANG_ENABLE_MODULES = YES;
				CLANG_ENABLE_OBJC_ARC = YES;
				CLANG_ENABLE_OBJC_WEAK = YES;
				CLANG_WARN_BLOCK_CAPTURE_AUTORELEASING = YES;
				CLANG_WARN_BOOL_CONVERSION = YES;
				CLANG_WARN_COMMA = YES;
				CLANG_WARN_CONSTANT_CONVERSION = YES;
				CLANG_WARN_DEPRECATED_OBJC_IMPLEMENTATIONS = YES;
				CLANG_WARN_DIRECT_OBJC_ISA_USAGE = YES_ERROR;
				CLANG_WARN_DOCUMENTATION_COMMENTS = YES;
				CLANG_WARN_EMPTY_BODY = YES;
				CLANG_WARN_ENUM_CONVERSION = YES;
				CLANG_WARN_INFINITE_RECURSION = YES;
				CLANG_WARN_INT_CONVERSION = YES;
				CLANG_WARN_NON_LITERAL_NULL_CONVERSION = YES;
				CLANG_WARN_OBJC_IMPLICIT_RETAIN_SELF = YES;
				CLANG_WARN_OBJC_LITERAL_CONVERSION = YES;
				CLANG_WARN_OBJC_ROOT_CLASS = YES_ERROR;
				CLANG_WARN_QUOTED_INCLUDE_IN_FRAMEWORK_HEADER = YES;
				CLANG_WARN_RANGE_LOOP_ANALYSIS = YES;
				CLANG_WARN_STRICT_PROTOTYPES = YES;
				CLANG_WARN_SUSPICIOUS_MOVE = YES;
				CLANG_WARN_UNGUARDED_AVAILABILITY = YES_AGGRESSIVE;
				CLANG_WARN_UNREACHABLE_CODE = YES;
				CLANG_WARN__DUPLICATE_METHOD_MATCH = YES;
				COPY_PHASE_STRIP = NO;
				DEBUG_INFORMATION_FORMAT = "dwarf-with-dsym";
				ENABLE_NS_ASSERTIONS = NO;
				ENABLE_STRICT_OBJC_MSGSEND = YES;
				GCC_C_LANGUAGE_STANDARD = gnu11;
				GCC_NO_COMMON_BLOCKS = YES;
				GCC_WARN_64_TO_32_BIT_CONVERSION = YES;
				GCC_WARN_ABOUT_RETURN_TYPE = YES_ERROR;
				GCC_WARN_UNDECLARED_SELECTOR = YES;
				GCC_WARN_UNINITIALIZED_AUTOS = YES_AGGRESSIVE;
				GCC_WARN_UNUSED_FUNCTION = YES;
				GCC_WARN_UNUSED_VARIABLE = YES;
				IPHONEOS_DEPLOYMENT_TARGET = 14.2;
				MTL_ENABLE_DEBUG_INFO = NO;
				MTL_FAST_MATH = YES;
				SDKROOT = iphoneos;
				SWIFT_COMPILATION_MODE = wholemodule;
				SWIFT_OPTIMIZATION_LEVEL = "-O";
				VALIDATE_PRODUCT = YES;
			};
			name = Release;
		};
		660916622577A10300F42AD4 /* Debug */ = {
			isa = XCBuildConfiguration;
			buildSettings = {
				ALWAYS_EMBED_SWIFT_STANDARD_LIBRARIES = YES;
				ASSETCATALOG_COMPILER_APPICON_NAME = AppIcon;
				ASSETCATALOG_COMPILER_GLOBAL_ACCENT_COLOR_NAME = AccentColor;
				CODE_SIGN_STYLE = Automatic;
				DEVELOPMENT_TEAM = CY25956VB2;
				INFOPLIST_FILE = NotificationTest/Info.plist;
				LD_RUNPATH_SEARCH_PATHS = (
					"$(inherited)",
					"@executable_path/Frameworks",
				);
				PRODUCT_BUNDLE_IDENTIFIER = win.opencode.NotificationTest;
				PRODUCT_NAME = "$(TARGET_NAME)";
				SWIFT_VERSION = 5.0;
				TARGETED_DEVICE_FAMILY = "1,2";
			};
			name = Debug;
		};
		660916632577A10300F42AD4 /* Release */ = {
			isa = XCBuildConfiguration;
			buildSettings = {
				ALWAYS_EMBED_SWIFT_STANDARD_LIBRARIES = YES;
				ASSETCATALOG_COMPILER_APPICON_NAME = AppIcon;
				ASSETCATALOG_COMPILER_GLOBAL_ACCENT_COLOR_NAME = AccentColor;
				CODE_SIGN_STYLE = Automatic;
				DEVELOPMENT_TEAM = CY25956VB2;
				INFOPLIST_FILE = NotificationTest/Info.plist;
				LD_RUNPATH_SEARCH_PATHS = (
					"$(inherited)",
					"@executable_path/Frameworks",
				);
				PRODUCT_BUNDLE_IDENTIFIER = win.opencode.NotificationTest;
				PRODUCT_NAME = "$(TARGET_NAME)";
				SWIFT_VERSION = 5.0;
				TARGETED_DEVICE_FAMILY = "1,2";
			};
			name = Release;
		};
		660916832577B8AD00F42AD4 /* Debug */ = {
			isa = XCBuildConfiguration;
			buildSettings = {
				CODE_SIGN_STYLE = Automatic;
				DEVELOPMENT_TEAM = CY25956VB2;
				INFOPLIST_FILE = NotificationTestContent/Info.plist;
				LD_RUNPATH_SEARCH_PATHS = (
					"$(inherited)",
					"@executable_path/Frameworks",
					"@executable_path/../../Frameworks",
				);
				PRODUCT_BUNDLE_IDENTIFIER = win.opencode.NotificationTest.NotificationTestContent;
				PRODUCT_NAME = "$(TARGET_NAME)";
				SKIP_INSTALL = YES;
				SWIFT_VERSION = 5.0;
				TARGETED_DEVICE_FAMILY = "1,2";
			};
			name = Debug;
		};
		660916842577B8AD00F42AD4 /* Release */ = {
			isa = XCBuildConfiguration;
			buildSettings = {
				CODE_SIGN_STYLE = Automatic;
				DEVELOPMENT_TEAM = CY25956VB2;
				INFOPLIST_FILE = NotificationTestContent/Info.plist;
				LD_RUNPATH_SEARCH_PATHS = (
					"$(inherited)",
					"@executable_path/Frameworks",
					"@executable_path/../../Frameworks",
				);
				PRODUCT_BUNDLE_IDENTIFIER = win.opencode.NotificationTest.NotificationTestContent;
				PRODUCT_NAME = "$(TARGET_NAME)";
				SKIP_INSTALL = YES;
				SWIFT_VERSION = 5.0;
				TARGETED_DEVICE_FAMILY = "1,2";
			};
			name = Release;
		};
		660916952577B8D500F42AD4 /* Debug */ = {
			isa = XCBuildConfiguration;
			buildSettings = {
				CODE_SIGN_STYLE = Automatic;
				DEVELOPMENT_TEAM = CY25956VB2;
				INFOPLIST_FILE = NotificationTestService/Info.plist;
				LD_RUNPATH_SEARCH_PATHS = (
					"$(inherited)",
					"@executable_path/Frameworks",
					"@executable_path/../../Frameworks",
				);
				PRODUCT_BUNDLE_IDENTIFIER = win.opencode.NotificationTest.NotificationTestService;
				PRODUCT_NAME = "$(TARGET_NAME)";
				SKIP_INSTALL = YES;
				SWIFT_VERSION = 5.0;
				TARGETED_DEVICE_FAMILY = "1,2";
			};
			name = Debug;
		};
		660916962577B8D500F42AD4 /* Release */ = {
			isa = XCBuildConfiguration;
			buildSettings = {
				CODE_SIGN_STYLE = Automatic;
				DEVELOPMENT_TEAM = CY25956VB2;
				INFOPLIST_FILE = NotificationTestService/Info.plist;
				LD_RUNPATH_SEARCH_PATHS = (
					"$(inherited)",
					"@executable_path/Frameworks",
					"@executable_path/../../Frameworks",
				);
				PRODUCT_BUNDLE_IDENTIFIER = win.opencode.NotificationTest.NotificationTestService;
				PRODUCT_NAME = "$(TARGET_NAME)";
				SKIP_INSTALL = YES;
				SWIFT_VERSION = 5.0;
				TARGETED_DEVICE_FAMILY = "1,2";
			};
			name = Release;
		};
/* End XCBuildConfiguration section */

/* Begin XCConfigurationList section */
		660916482577A10100F42AD4 /* Build configuration list for PBXProject "NotificationTest" */ = {
			isa = XCConfigurationList;
			buildConfigurations = (
				6609165F2577A10300F42AD4 /* Debug */,
				660916602577A10300F42AD4 /* Release */,
			);
			defaultConfigurationIsVisible = 0;
			defaultConfigurationName = Release;
		};
		660916612577A10300F42AD4 /* Build configuration list for PBXNativeTarget "NotificationTest" */ = {
			isa = XCConfigurationList;
			buildConfigurations = (
				660916622577A10300F42AD4 /* Debug */,
				660916632577A10300F42AD4 /* Release */,
			);
			defaultConfigurationIsVisible = 0;
			defaultConfigurationName = Release;
		};
		660916822577B8AD00F42AD4 /* Build configuration list for PBXNativeTarget "NotificationTestContent" */ = {
			isa = XCConfigurationList;
			buildConfigurations = (
				660916832577B8AD00F42AD4 /* Debug */,
				660916842577B8AD00F42AD4 /* Release */,
			);
			defaultConfigurationIsVisible = 0;
			defaultConfigurationName = Release;
		};
		660916942577B8D500F42AD4 /* Build configuration list for PBXNativeTarget "NotificationTestService" */ = {
			isa = XCConfigurationList;
			buildConfigurations = (
				660916952577B8D500F42AD4 /* Debug */,
				660916962577B8D500F42AD4 /* Release */,
			);
			defaultConfigurationIsVisible = 0;
			defaultConfigurationName = Release;
		};
/* End XCConfigurationList section */

/* Begin XCRemoteSwiftPackageReference section */
		6609166A2577AE9200F42AD4 /* XCRemoteSwiftPackageReference "Then" */ = {
			isa = XCRemoteSwiftPackageReference;
			repositoryURL = "git@github.com:devxoul/Then.git";
			requirement = {
				kind = upToNextMajorVersion;
				minimumVersion = 2.7.0;
			};
		};
		6633A3DE257816FF00187EC5 /* XCRemoteSwiftPackageReference "RxSwift" */ = {
			isa = XCRemoteSwiftPackageReference;
			repositoryURL = "git@github.com:ReactiveX/RxSwift.git";
			requirement = {
				kind = upToNextMajorVersion;
				minimumVersion = 5.1.1;
			};
		};
		6633A3EA2578175D00187EC5 /* XCRemoteSwiftPackageReference "NSObject-Rx" */ = {
			isa = XCRemoteSwiftPackageReference;
			repositoryURL = "git@github.com:RxSwiftCommunity/NSObject-Rx.git";
			requirement = {
				kind = upToNextMajorVersion;
				minimumVersion = 5.1.1;
			};
		};
		66383F282577E4C300EE4040 /* XCRemoteSwiftPackageReference "SnapKit" */ = {
			isa = XCRemoteSwiftPackageReference;
			repositoryURL = "git@github.com:SnapKit/SnapKit.git";
			requirement = {
				kind = upToNextMajorVersion;
				minimumVersion = 5.0.1;
			};
		};
/* End XCRemoteSwiftPackageReference section */

/* Begin XCSwiftPackageProductDependency section */
		6609166B2577AE9200F42AD4 /* Then */ = {
			isa = XCSwiftPackageProductDependency;
			package = 6609166A2577AE9200F42AD4 /* XCRemoteSwiftPackageReference "Then" */;
			productName = Then;
		};
		6633A3DF257816FF00187EC5 /* RxSwift */ = {
			isa = XCSwiftPackageProductDependency;
			package = 6633A3DE257816FF00187EC5 /* XCRemoteSwiftPackageReference "RxSwift" */;
			productName = RxSwift;
		};
		6633A3E1257816FF00187EC5 /* RxRelay */ = {
			isa = XCSwiftPackageProductDependency;
			package = 6633A3DE257816FF00187EC5 /* XCRemoteSwiftPackageReference "RxSwift" */;
			productName = RxRelay;
		};
		6633A3E3257816FF00187EC5 /* RxCocoa */ = {
			isa = XCSwiftPackageProductDependency;
			package = 6633A3DE257816FF00187EC5 /* XCRemoteSwiftPackageReference "RxSwift" */;
			productName = RxCocoa;
		};
		6633A3E5257816FF00187EC5 /* RxBlocking */ = {
			isa = XCSwiftPackageProductDependency;
			package = 6633A3DE257816FF00187EC5 /* XCRemoteSwiftPackageReference "RxSwift" */;
			productName = RxBlocking;
		};
		6633A3EB2578175D00187EC5 /* NSObject-Rx */ = {
			isa = XCSwiftPackageProductDependency;
			package = 6633A3EA2578175D00187EC5 /* XCRemoteSwiftPackageReference "NSObject-Rx" */;
			productName = "NSObject-Rx";
		};
		66383F292577E4C300EE4040 /* SnapKit */ = {
			isa = XCSwiftPackageProductDependency;
			package = 66383F282577E4C300EE4040 /* XCRemoteSwiftPackageReference "SnapKit" */;
			productName = SnapKit;
		};
/* End XCSwiftPackageProductDependency section */
	};
	rootObject = 660916452577A10100F42AD4 /* Project object */;
}
